// !$*UTF8*$!
{
	archiveVersion = 1;
	classes = {
	};
	objectVersion = 52;
	objects = {

/* Begin PBXBuildFile section */
		7F0D42E2266022190087DE92 /* PatronApp.swift in Sources */ = {isa = PBXBuildFile; fileRef = 7F0D42E1266022180087DE92 /* PatronApp.swift */; };
		7F0D42E9266027240087DE92 /* Item.swift in Sources */ = {isa = PBXBuildFile; fileRef = 7F0D42E8266027240087DE92 /* Item.swift */; };
		7F0D42ED266027420087DE92 /* ItemView.swift in Sources */ = {isa = PBXBuildFile; fileRef = 7F0D42EC266027420087DE92 /* ItemView.swift */; };
		7F0D42F12660294A0087DE92 /* SDWebImageSwiftUI in Frameworks */ = {isa = PBXBuildFile; productRef = 7F0D42F02660294A0087DE92 /* SDWebImageSwiftUI */; };
		7F0D42F42660310A0087DE92 /* Cart.swift in Sources */ = {isa = PBXBuildFile; fileRef = 7F0D42F32660310A0087DE92 /* Cart.swift */; };
		7F0D42F7266032850087DE92 /* CartView.swift in Sources */ = {isa = PBXBuildFile; fileRef = 7F0D42F6266032850087DE92 /* CartView.swift */; };
		7F0D42FB266032C70087DE92 /* Menu.swift in Sources */ = {isa = PBXBuildFile; fileRef = 7F0D42FA266032C70087DE92 /* Menu.swift */; };
		7F820B6926600C40001EB04B /* SceneDelegate.swift in Sources */ = {isa = PBXBuildFile; fileRef = 7F820B6826600C40001EB04B /* SceneDelegate.swift */; };
		7F820B6B26600C40001EB04B /* ContentView.swift in Sources */ = {isa = PBXBuildFile; fileRef = 7F820B6A26600C40001EB04B /* ContentView.swift */; };
		7F820B6D26600C41001EB04B /* Assets.xcassets in Resources */ = {isa = PBXBuildFile; fileRef = 7F820B6C26600C41001EB04B /* Assets.xcassets */; };
		7F820B7026600C41001EB04B /* Preview Assets.xcassets in Resources */ = {isa = PBXBuildFile; fileRef = 7F820B6F26600C41001EB04B /* Preview Assets.xcassets */; };
		7F820B7326600C41001EB04B /* LaunchScreen.storyboard in Resources */ = {isa = PBXBuildFile; fileRef = 7F820B7126600C41001EB04B /* LaunchScreen.storyboard */; };
		7F820B7F26600C7D001EB04B /* Home.swift in Sources */ = {isa = PBXBuildFile; fileRef = 7F820B7E26600C7D001EB04B /* Home.swift */; };
		7F820B8226600C97001EB04B /* HomeViewModel.swift in Sources */ = {isa = PBXBuildFile; fileRef = 7F820B8126600C97001EB04B /* HomeViewModel.swift */; };
		7F820BA526601FE9001EB04B /* GoogleService-Info.plist in Resources */ = {isa = PBXBuildFile; fileRef = 7F820BA426601FE9001EB04B /* GoogleService-Info.plist */; };
		C670A00EF321670E41BE8CA5 /* Pods_Swift_Shop.framework in Frameworks */ = {isa = PBXBuildFile; fileRef = C8A2DF1FFC8F3DF56E5EC6AD /* Pods_Swift_Shop.framework */; };
/* End PBXBuildFile section */

/* Begin PBXFileReference section */
		7F0D42E1266022180087DE92 /* PatronApp.swift */ = {isa = PBXFileReference; fileEncoding = 4; lastKnownFileType = sourcecode.swift; path = PatronApp.swift; sourceTree = "<group>"; };
		7F0D42E8266027240087DE92 /* Item.swift */ = {isa = PBXFileReference; fileEncoding = 4; lastKnownFileType = sourcecode.swift; name = Item.swift; path = "../../../Food App/Food App/Model/Item.swift"; sourceTree = "<group>"; };
		7F0D42EC266027420087DE92 /* ItemView.swift */ = {isa = PBXFileReference; fileEncoding = 4; lastKnownFileType = sourcecode.swift; name = ItemView.swift; path = "../../../Food App/Food App/View/ItemView.swift"; sourceTree = "<group>"; };
		7F0D42F32660310A0087DE92 /* Cart.swift */ = {isa = PBXFileReference; fileEncoding = 4; lastKnownFileType = sourcecode.swift; path = Cart.swift; sourceTree = "<group>"; };
		7F0D42F6266032850087DE92 /* CartView.swift */ = {isa = PBXFileReference; fileEncoding = 4; lastKnownFileType = sourcecode.swift; name = CartView.swift; path = "../../../Food App/Food App/View/CartView.swift"; sourceTree = "<group>"; };
		7F0D42FA266032C70087DE92 /* Menu.swift */ = {isa = PBXFileReference; fileEncoding = 4; lastKnownFileType = sourcecode.swift; name = Menu.swift; path = "../../../Food App/Food App/View/Menu.swift"; sourceTree = "<group>"; };
		7F820B6326600C40001EB04B /* Swift Shop.app */ = {isa = PBXFileReference; explicitFileType = wrapper.application; includeInIndex = 0; path = "Swift Shop.app"; sourceTree = BUILT_PRODUCTS_DIR; };
		7F820B6826600C40001EB04B /* SceneDelegate.swift */ = {isa = PBXFileReference; lastKnownFileType = sourcecode.swift; path = SceneDelegate.swift; sourceTree = "<group>"; };
		7F820B6A26600C40001EB04B /* ContentView.swift */ = {isa = PBXFileReference; lastKnownFileType = sourcecode.swift; path = ContentView.swift; sourceTree = "<group>"; };
		7F820B6C26600C41001EB04B /* Assets.xcassets */ = {isa = PBXFileReference; lastKnownFileType = folder.assetcatalog; path = Assets.xcassets; sourceTree = "<group>"; };
		7F820B6F26600C41001EB04B /* Preview Assets.xcassets */ = {isa = PBXFileReference; lastKnownFileType = folder.assetcatalog; path = "Preview Assets.xcassets"; sourceTree = "<group>"; };
		7F820B7226600C41001EB04B /* Base */ = {isa = PBXFileReference; lastKnownFileType = file.storyboard; name = Base; path = Base.lproj/LaunchScreen.storyboard; sourceTree = "<group>"; };
		7F820B7426600C41001EB04B /* Info.plist */ = {isa = PBXFileReference; lastKnownFileType = text.plist.xml; path = Info.plist; sourceTree = "<group>"; };
		7F820B7E26600C7D001EB04B /* Home.swift */ = {isa = PBXFileReference; lastKnownFileType = sourcecode.swift; path = Home.swift; sourceTree = "<group>"; };
		7F820B8126600C97001EB04B /* HomeViewModel.swift */ = {isa = PBXFileReference; lastKnownFileType = sourcecode.swift; path = HomeViewModel.swift; sourceTree = "<group>"; };
		7F820BA426601FE9001EB04B /* GoogleService-Info.plist */ = {isa = PBXFileReference; fileEncoding = 4; lastKnownFileType = text.plist.xml; path = "GoogleService-Info.plist"; sourceTree = "<group>"; };
		839EB838CD129E94D66D42D0 /* Pods-Swift Shop.release.xcconfig */ = {isa = PBXFileReference; includeInIndex = 1; lastKnownFileType = text.xcconfig; name = "Pods-Swift Shop.release.xcconfig"; path = "Target Support Files/Pods-Swift Shop/Pods-Swift Shop.release.xcconfig"; sourceTree = "<group>"; };
		85AD90744B61E38C5B211CEB /* Pods-Swift Shop.debug.xcconfig */ = {isa = PBXFileReference; includeInIndex = 1; lastKnownFileType = text.xcconfig; name = "Pods-Swift Shop.debug.xcconfig"; path = "Target Support Files/Pods-Swift Shop/Pods-Swift Shop.debug.xcconfig"; sourceTree = "<group>"; };
		C8A2DF1FFC8F3DF56E5EC6AD /* Pods_Swift_Shop.framework */ = {isa = PBXFileReference; explicitFileType = wrapper.framework; includeInIndex = 0; path = Pods_Swift_Shop.framework; sourceTree = BUILT_PRODUCTS_DIR; };
/* End PBXFileReference section */

/* Begin PBXFrameworksBuildPhase section */
		7F820B6026600C40001EB04B /* Frameworks */ = {
			isa = PBXFrameworksBuildPhase;
			buildActionMask = 2147483647;
			files = (
				7F0D42F12660294A0087DE92 /* SDWebImageSwiftUI in Frameworks */,
				C670A00EF321670E41BE8CA5 /* Pods_Swift_Shop.framework in Frameworks */,
			);
			runOnlyForDeploymentPostprocessing = 0;
		};
/* End PBXFrameworksBuildPhase section */

/* Begin PBXGroup section */
		420E94A3367920CE3CFC7B3A /* Frameworks */ = {
			isa = PBXGroup;
			children = (
				C8A2DF1FFC8F3DF56E5EC6AD /* Pods_Swift_Shop.framework */,
			);
			name = Frameworks;
			sourceTree = "<group>";
		};
		740CF2B1F7AB79C9F28B02DC /* Pods */ = {
			isa = PBXGroup;
			children = (
				85AD90744B61E38C5B211CEB /* Pods-Swift Shop.debug.xcconfig */,
				839EB838CD129E94D66D42D0 /* Pods-Swift Shop.release.xcconfig */,
			);
			path = Pods;
			sourceTree = "<group>";
		};
		7F820B5A26600C40001EB04B = {
			isa = PBXGroup;
			children = (
				7F820B6526600C40001EB04B /* Swift Shop */,
				7F820B6426600C40001EB04B /* Products */,
				740CF2B1F7AB79C9F28B02DC /* Pods */,
				420E94A3367920CE3CFC7B3A /* Frameworks */,
			);
			sourceTree = "<group>";
		};
		7F820B6426600C40001EB04B /* Products */ = {
			isa = PBXGroup;
			children = (
				7F820B6326600C40001EB04B /* Swift Shop.app */,
			);
			name = Products;
			sourceTree = "<group>";
		};
		7F820B6526600C40001EB04B /* Swift Shop */ = {
			isa = PBXGroup;
			children = (
				7F820B7D26600C5F001EB04B /* ViewModel */,
				7F820B7B26600C53001EB04B /* Model */,
				7F820B7C26600C58001EB04B /* View */,
				7F820B6826600C40001EB04B /* SceneDelegate.swift */,
				7F0D42E1266022180087DE92 /* PatronApp.swift */,
				7F820B6A26600C40001EB04B /* ContentView.swift */,
				7F820B6C26600C41001EB04B /* Assets.xcassets */,
				7F820B7126600C41001EB04B /* LaunchScreen.storyboard */,
				7F820B7426600C41001EB04B /* Info.plist */,
				7F820BA426601FE9001EB04B /* GoogleService-Info.plist */,
				7F820B6E26600C41001EB04B /* Preview Content */,
			);
			path = "Swift Shop";
			sourceTree = "<group>";
		};
		7F820B6E26600C41001EB04B /* Preview Content */ = {
			isa = PBXGroup;
			children = (
				7F820B6F26600C41001EB04B /* Preview Assets.xcassets */,
			);
			path = "Preview Content";
			sourceTree = "<group>";
		};
		7F820B7B26600C53001EB04B /* Model */ = {
			isa = PBXGroup;
			children = (
				7F0D42F32660310A0087DE92 /* Cart.swift */,
				7F0D42E8266027240087DE92 /* Item.swift */,
			);
			path = Model;
			sourceTree = "<group>";
		};
		7F820B7C26600C58001EB04B /* View */ = {
			isa = PBXGroup;
			children = (
				7F0D42F6266032850087DE92 /* CartView.swift */,
				7F0D42FA266032C70087DE92 /* Menu.swift */,
				7F0D42EC266027420087DE92 /* ItemView.swift */,
				7F820B7E26600C7D001EB04B /* Home.swift */,
			);
			path = View;
			sourceTree = "<group>";
		};
		7F820B7D26600C5F001EB04B /* ViewModel */ = {
			isa = PBXGroup;
			children = (
				7F820B8126600C97001EB04B /* HomeViewModel.swift */,
			);
			path = ViewModel;
			sourceTree = "<group>";
		};
/* End PBXGroup section */

/* Begin PBXNativeTarget section */
		7F820B6226600C40001EB04B /* Swift Shop */ = {
			isa = PBXNativeTarget;
			buildConfigurationList = 7F820B7726600C41001EB04B /* Build configuration list for PBXNativeTarget "Swift Shop" */;
			buildPhases = (
				CD48F64D6FBFFE310F388D51 /* [CP] Check Pods Manifest.lock */,
				7F820B5F26600C40001EB04B /* Sources */,
				7F820B6026600C40001EB04B /* Frameworks */,
				7F820B6126600C40001EB04B /* Resources */,
				F4BEE9898A6B79C0A435507B /* [CP] Embed Pods Frameworks */,
			);
			buildRules = (
			);
			dependencies = (
			);
			name = "Swift Shop";
			packageProductDependencies = (
				7F0D42F02660294A0087DE92 /* SDWebImageSwiftUI */,
			);
			productName = "Swift Shop";
			productReference = 7F820B6326600C40001EB04B /* Swift Shop.app */;
			productType = "com.apple.product-type.application";
		};
/* End PBXNativeTarget section */

/* Begin PBXProject section */
		7F820B5B26600C40001EB04B /* Project object */ = {
			isa = PBXProject;
			attributes = {
				LastSwiftUpdateCheck = 1240;
				LastUpgradeCheck = 1240;
				TargetAttributes = {
					7F820B6226600C40001EB04B = {
						CreatedOnToolsVersion = 12.4;
					};
				};
			};
			buildConfigurationList = 7F820B5E26600C40001EB04B /* Build configuration list for PBXProject "Swift Shop" */;
			compatibilityVersion = "Xcode 9.3";
			developmentRegion = en;
			hasScannedForEncodings = 0;
			knownRegions = (
				en,
				Base,
			);
			mainGroup = 7F820B5A26600C40001EB04B;
			packageReferences = (
				7F0D42EF2660294A0087DE92 /* XCRemoteSwiftPackageReference "SDWebImageSwiftUI" */,
			);
			productRefGroup = 7F820B6426600C40001EB04B /* Products */;
			projectDirPath = "";
			projectRoot = "";
			targets = (
				7F820B6226600C40001EB04B /* Swift Shop */,
			);
		};
/* End PBXProject section */

/* Begin PBXResourcesBuildPhase section */
		7F820B6126600C40001EB04B /* Resources */ = {
			isa = PBXResourcesBuildPhase;
			buildActionMask = 2147483647;
			files = (
				7F820B7326600C41001EB04B /* LaunchScreen.storyboard in Resources */,
				7F820B7026600C41001EB04B /* Preview Assets.xcassets in Resources */,
				7F820B6D26600C41001EB04B /* Assets.xcassets in Resources */,
				7F820BA526601FE9001EB04B /* GoogleService-Info.plist in Resources */,
			);
			runOnlyForDeploymentPostprocessing = 0;
		};
/* End PBXResourcesBuildPhase section */

/* Begin PBXShellScriptBuildPhase section */
		CD48F64D6FBFFE310F388D51 /* [CP] Check Pods Manifest.lock */ = {
			isa = PBXShellScriptBuildPhase;
			buildActionMask = 2147483647;
			files = (
			);
			inputFileListPaths = (
			);
			inputPaths = (
				"${PODS_PODFILE_DIR_PATH}/Podfile.lock",
				"${PODS_ROOT}/Manifest.lock",
			);
			name = "[CP] Check Pods Manifest.lock";
			outputFileListPaths = (
			);
			outputPaths = (
				"$(DERIVED_FILE_DIR)/Pods-Swift Shop-checkManifestLockResult.txt",
			);
			runOnlyForDeploymentPostprocessing = 0;
			shellPath = /bin/sh;
			shellScript = "diff \"${PODS_PODFILE_DIR_PATH}/Podfile.lock\" \"${PODS_ROOT}/Manifest.lock\" > /dev/null\nif [ $? != 0 ] ; then\n    # print error to STDERR\n    echo \"error: The sandbox is not in sync with the Podfile.lock. Run 'pod install' or update your CocoaPods installation.\" >&2\n    exit 1\nfi\n# This output is used by Xcode 'outputs' to avoid re-running this script phase.\necho \"SUCCESS\" > \"${SCRIPT_OUTPUT_FILE_0}\"\n";
			showEnvVarsInLog = 0;
		};
		F4BEE9898A6B79C0A435507B /* [CP] Embed Pods Frameworks */ = {
			isa = PBXShellScriptBuildPhase;
			buildActionMask = 2147483647;
			files = (
			);
			inputFileListPaths = (
				"${PODS_ROOT}/Target Support Files/Pods-Swift Shop/Pods-Swift Shop-frameworks-${CONFIGURATION}-input-files.xcfilelist",
			);
			name = "[CP] Embed Pods Frameworks";
			outputFileListPaths = (
				"${PODS_ROOT}/Target Support Files/Pods-Swift Shop/Pods-Swift Shop-frameworks-${CONFIGURATION}-output-files.xcfilelist",
			);
			runOnlyForDeploymentPostprocessing = 0;
			shellPath = /bin/sh;
			shellScript = "\"${PODS_ROOT}/Target Support Files/Pods-Swift Shop/Pods-Swift Shop-frameworks.sh\"\n";
			showEnvVarsInLog = 0;
		};
/* End PBXShellScriptBuildPhase section */

/* Begin PBXSourcesBuildPhase section */
		7F820B5F26600C40001EB04B /* Sources */ = {
			isa = PBXSourcesBuildPhase;
			buildActionMask = 2147483647;
			files = (
				7F0D42F7266032850087DE92 /* CartView.swift in Sources */,
				7F0D42F42660310A0087DE92 /* Cart.swift in Sources */,
				7F0D42E2266022190087DE92 /* PatronApp.swift in Sources */,
				7F820B6926600C40001EB04B /* SceneDelegate.swift in Sources */,
				7F0D42FB266032C70087DE92 /* Menu.swift in Sources */,
				7F0D42ED266027420087DE92 /* ItemView.swift in Sources */,
				7F820B7F26600C7D001EB04B /* Home.swift in Sources */,
				7F0D42E9266027240087DE92 /* Item.swift in Sources */,
				7F820B8226600C97001EB04B /* HomeViewModel.swift in Sources */,
				7F820B6B26600C40001EB04B /* ContentView.swift in Sources */,
			);
			runOnlyForDeploymentPostprocessing = 0;
		};
/* End PBXSourcesBuildPhase section */

/* Begin PBXVariantGroup section */
		7F820B7126600C41001EB04B /* LaunchScreen.storyboard */ = {
			isa = PBXVariantGroup;
			children = (
				7F820B7226600C41001EB04B /* Base */,
			);
			name = LaunchScreen.storyboard;
			sourceTree = "<group>";
		};
/* End PBXVariantGroup section */

/* Begin XCBuildConfiguration section */
		7F820B7526600C41001EB04B /* Debug */ = {
			isa = XCBuildConfiguration;
			buildSettings = {
				ALWAYS_SEARCH_USER_PATHS = NO;
				CLANG_ANALYZER_NONNULL = YES;
				CLANG_ANALYZER_NUMBER_OBJECT_CONVERSION = YES_AGGRESSIVE;
				CLANG_CXX_LANGUAGE_STANDARD = "gnu++14";
				CLANG_CXX_LIBRARY = "libc++";
				CLANG_ENABLE_MODULES = YES;
				CLANG_ENABLE_OBJC_ARC = YES;
				CLANG_ENABLE_OBJC_WEAK = YES;
				CLANG_WARN_BLOCK_CAPTURE_AUTORELEASING = YES;
				CLANG_WARN_BOOL_CONVERSION = YES;
				CLANG_WARN_COMMA = YES;
				CLANG_WARN_CONSTANT_CONVERSION = YES;
				CLANG_WARN_DEPRECATED_OBJC_IMPLEMENTATIONS = YES;
				CLANG_WARN_DIRECT_OBJC_ISA_USAGE = YES_ERROR;
				CLANG_WARN_DOCUMENTATION_COMMENTS = YES;
				CLANG_WARN_EMPTY_BODY = YES;
				CLANG_WARN_ENUM_CONVERSION = YES;
				CLANG_WARN_INFINITE_RECURSION = YES;
				CLANG_WARN_INT_CONVERSION = YES;
				CLANG_WARN_NON_LITERAL_NULL_CONVERSION = YES;
				CLANG_WARN_OBJC_IMPLICIT_RETAIN_SELF = YES;
				CLANG_WARN_OBJC_LITERAL_CONVERSION = YES;
				CLANG_WARN_OBJC_ROOT_CLASS = YES_ERROR;
				CLANG_WARN_QUOTED_INCLUDE_IN_FRAMEWORK_HEADER = YES;
				CLANG_WARN_RANGE_LOOP_ANALYSIS = YES;
				CLANG_WARN_STRICT_PROTOTYPES = YES;
				CLANG_WARN_SUSPICIOUS_MOVE = YES;
				CLANG_WARN_UNGUARDED_AVAILABILITY = YES_AGGRESSIVE;
				CLANG_WARN_UNREACHABLE_CODE = YES;
				CLANG_WARN__DUPLICATE_METHOD_MATCH = YES;
				COPY_PHASE_STRIP = NO;
				DEBUG_INFORMATION_FORMAT = dwarf;
				ENABLE_STRICT_OBJC_MSGSEND = YES;
				ENABLE_TESTABILITY = YES;
				GCC_C_LANGUAGE_STANDARD = gnu11;
				GCC_DYNAMIC_NO_PIC = NO;
				GCC_NO_COMMON_BLOCKS = YES;
				GCC_OPTIMIZATION_LEVEL = 0;
				GCC_PREPROCESSOR_DEFINITIONS = (
					"DEBUG=1",
					"$(inherited)",
				);
				GCC_WARN_64_TO_32_BIT_CONVERSION = YES;
				GCC_WARN_ABOUT_RETURN_TYPE = YES_ERROR;
				GCC_WARN_UNDECLARED_SELECTOR = YES;
				GCC_WARN_UNINITIALIZED_AUTOS = YES_AGGRESSIVE;
				GCC_WARN_UNUSED_FUNCTION = YES;
				GCC_WARN_UNUSED_VARIABLE = YES;
				IPHONEOS_DEPLOYMENT_TARGET = 14.4;
				MTL_ENABLE_DEBUG_INFO = INCLUDE_SOURCE;
				MTL_FAST_MATH = YES;
				ONLY_ACTIVE_ARCH = YES;
				SDKROOT = iphoneos;
				SWIFT_ACTIVE_COMPILATION_CONDITIONS = DEBUG;
				SWIFT_OPTIMIZATION_LEVEL = "-Onone";
			};
			name = Debug;
		};
		7F820B7626600C41001EB04B /* Release */ = {
			isa = XCBuildConfiguration;
			buildSettings = {
				ALWAYS_SEARCH_USER_PATHS = NO;
				CLANG_ANALYZER_NONNULL = YES;
				CLANG_ANALYZER_NUMBER_OBJECT_CONVERSION = YES_AGGRESSIVE;
				CLANG_CXX_LANGUAGE_STANDARD = "gnu++14";
				CLANG_CXX_LIBRARY = "libc++";
				CLANG_ENABLE_MODULES = YES;
				CLANG_ENABLE_OBJC_ARC = YES;
				CLANG_ENABLE_OBJC_WEAK = YES;
				CLANG_WARN_BLOCK_CAPTURE_AUTORELEASING = YES;
				CLANG_WARN_BOOL_CONVERSION = YES;
				CLANG_WARN_COMMA = YES;
				CLANG_WARN_CONSTANT_CONVERSION = YES;
				CLANG_WARN_DEPRECATED_OBJC_IMPLEMENTATIONS = YES;
				CLANG_WARN_DIRECT_OBJC_ISA_USAGE = YES_ERROR;
				CLANG_WARN_DOCUMENTATION_COMMENTS = YES;
				CLANG_WARN_EMPTY_BODY = YES;
				CLANG_WARN_ENUM_CONVERSION = YES;
				CLANG_WARN_INFINITE_RECURSION = YES;
				CLANG_WARN_INT_CONVERSION = YES;
				CLANG_WARN_NON_LITERAL_NULL_CONVERSION = YES;
				CLANG_WARN_OBJC_IMPLICIT_RETAIN_SELF = YES;
				CLANG_WARN_OBJC_LITERAL_CONVERSION = YES;
				CLANG_WARN_OBJC_ROOT_CLASS = YES_ERROR;
				CLANG_WARN_QUOTED_INCLUDE_IN_FRAMEWORK_HEADER = YES;
				CLANG_WARN_RANGE_LOOP_ANALYSIS = YES;
				CLANG_WARN_STRICT_PROTOTYPES = YES;
				CLANG_WARN_SUSPICIOUS_MOVE = YES;
				CLANG_WARN_UNGUARDED_AVAILABILITY = YES_AGGRESSIVE;
				CLANG_WARN_UNREACHABLE_CODE = YES;
				CLANG_WARN__DUPLICATE_METHOD_MATCH = YES;
				COPY_PHASE_STRIP = NO;
				DEBUG_INFORMATION_FORMAT = "dwarf-with-dsym";
				ENABLE_NS_ASSERTIONS = NO;
				ENABLE_STRICT_OBJC_MSGSEND = YES;
				GCC_C_LANGUAGE_STANDARD = gnu11;
				GCC_NO_COMMON_BLOCKS = YES;
				GCC_WARN_64_TO_32_BIT_CONVERSION = YES;
				GCC_WARN_ABOUT_RETURN_TYPE = YES_ERROR;
				GCC_WARN_UNDECLARED_SELECTOR = YES;
				GCC_WARN_UNINITIALIZED_AUTOS = YES_AGGRESSIVE;
				GCC_WARN_UNUSED_FUNCTION = YES;
				GCC_WARN_UNUSED_VARIABLE = YES;
				IPHONEOS_DEPLOYMENT_TARGET = 14.4;
				MTL_ENABLE_DEBUG_INFO = NO;
				MTL_FAST_MATH = YES;
				SDKROOT = iphoneos;
				SWIFT_COMPILATION_MODE = wholemodule;
				SWIFT_OPTIMIZATION_LEVEL = "-O";
				VALIDATE_PRODUCT = YES;
			};
			name = Release;
		};
		7F820B7826600C41001EB04B /* Debug */ = {
			isa = XCBuildConfiguration;
			baseConfigurationReference = 85AD90744B61E38C5B211CEB /* Pods-Swift Shop.debug.xcconfig */;
			buildSettings = {
				ASSETCATALOG_COMPILER_APPICON_NAME = AppIcon;
				ASSETCATALOG_COMPILER_GLOBAL_ACCENT_COLOR_NAME = AccentColor;
				CODE_SIGN_STYLE = Automatic;
				DEVELOPMENT_ASSET_PATHS = "\"Swift Shop/Preview Content\"";
				ENABLE_PREVIEWS = YES;
				INFOPLIST_FILE = "Swift Shop/Info.plist";
				LD_RUNPATH_SEARCH_PATHS = (
					"$(inherited)",
					"@executable_path/Frameworks",
				);
				PRODUCT_BUNDLE_IDENTIFIER = "alfonsopatron.Swift-Shop";
				PRODUCT_NAME = "$(TARGET_NAME)";
				SWIFT_VERSION = 5.0;
				TARGETED_DEVICE_FAMILY = "1,2";
			};
			name = Debug;
		};
		7F820B7926600C41001EB04B /* Release */ = {
			isa = XCBuildConfiguration;
			baseConfigurationReference = 839EB838CD129E94D66D42D0 /* Pods-Swift Shop.release.xcconfig */;
			buildSettings = {
				ASSETCATALOG_COMPILER_APPICON_NAME = AppIcon;
				ASSETCATALOG_COMPILER_GLOBAL_ACCENT_COLOR_NAME = AccentColor;
				CODE_SIGN_STYLE = Automatic;
				DEVELOPMENT_ASSET_PATHS = "\"Swift Shop/Preview Content\"";
				ENABLE_PREVIEWS = YES;
				INFOPLIST_FILE = "Swift Shop/Info.plist";
				LD_RUNPATH_SEARCH_PATHS = (
					"$(inherited)",
					"@executable_path/Frameworks",
				);
				PRODUCT_BUNDLE_IDENTIFIER = "alfonsopatron.Swift-Shop";
				PRODUCT_NAME = "$(TARGET_NAME)";
				SWIFT_VERSION = 5.0;
				TARGETED_DEVICE_FAMILY = "1,2";
			};
			name = Release;
		};
/* End XCBuildConfiguration section */

/* Begin XCConfigurationList section */
		7F820B5E26600C40001EB04B /* Build configuration list for PBXProject "Swift Shop" */ = {
			isa = XCConfigurationList;
			buildConfigurations = (
				7F820B7526600C41001EB04B /* Debug */,
				7F820B7626600C41001EB04B /* Release */,
			);
			defaultConfigurationIsVisible = 0;
			defaultConfigurationName = Release;
		};
		7F820B7726600C41001EB04B /* Build configuration list for PBXNativeTarget "Swift Shop" */ = {
			isa = XCConfigurationList;
			buildConfigurations = (
				7F820B7826600C41001EB04B /* Debug */,
				7F820B7926600C41001EB04B /* Release */,
			);
			defaultConfigurationIsVisible = 0;
			defaultConfigurationName = Release;
		};
/* End XCConfigurationList section */

/* Begin XCRemoteSwiftPackageReference section */
		7F0D42EF2660294A0087DE92 /* XCRemoteSwiftPackageReference "SDWebImageSwiftUI" */ = {
			isa = XCRemoteSwiftPackageReference;
			repositoryURL = "https://github.com/SDWebImage/SDWebImageSwiftUI.git";
			requirement = {
				kind = upToNextMajorVersion;
				minimumVersion = 2.0.2;
			};
		};
/* End XCRemoteSwiftPackageReference section */

/* Begin XCSwiftPackageProductDependency section */
		7F0D42F02660294A0087DE92 /* SDWebImageSwiftUI */ = {
			isa = XCSwiftPackageProductDependency;
			package = 7F0D42EF2660294A0087DE92 /* XCRemoteSwiftPackageReference "SDWebImageSwiftUI" */;
			productName = SDWebImageSwiftUI;
		};
/* End XCSwiftPackageProductDependency section */
	};
	rootObject = 7F820B5B26600C40001EB04B /* Project object */;
}
